
Microsoft Visual Studio Solution File, Format Version 12.00
# Visual Studio Version 17
VisualStudioVersion = 17.0.31912.275
MinimumVisualStudioVersion = 10.0.40219.1
Project("{FAE04EC0-301F-11D3-BF4B-00C04F79EFBC}") = "BankAccount", "BankAccount\BankAccount.csproj", "{E91DD00B-9E54-4BE3-BEC6-A2B568A7DDCE}"
EndProject
Project("{FAE04EC0-301F-11D3-BF4B-00C04F79EFBC}") = "Models", "Models\Models.csproj", "{D41322A2-7D71-479A-95EA-D3AB021CA73B}"
EndProject
Project("{FAE04EC0-301F-11D3-BF4B-00C04F79EFBC}") = "Services", "Services\Services.csproj", "{1FAC0B6E-59AA-4A2B-8D38-5EAAE581D0D7}"
EndProject
Project("{FAE04EC0-301F-11D3-BF4B-00C04F79EFBC}") = "Data", "Data\Data.csproj", "{104BD80F-9819-461D-A352-219DC84C015B}"
EndProject
Project("{FAE04EC0-301F-11D3-BF4B-00C04F79EFBC}") = "Repository", "Repository\Repository.csproj", "{6D34BBED-1D44-4439-AF6B-77817F7E75CB}"
EndProject
Global
	GlobalSection(SolutionConfigurationPlatforms) = preSolution
		Debug|Any CPU = Debug|Any CPU
		Release|Any CPU = Release|Any CPU
	EndGlobalSection
	GlobalSection(ProjectConfigurationPlatforms) = postSolution
		{E91DD00B-9E54-4BE3-BEC6-A2B568A7DDCE}.Debug|Any CPU.ActiveCfg = Debug|Any CPU
		{E91DD00B-9E54-4BE3-BEC6-A2B568A7DDCE}.Debug|Any CPU.Build.0 = Debug|Any CPU
		{E91DD00B-9E54-4BE3-BEC6-A2B568A7DDCE}.Release|Any CPU.ActiveCfg = Release|Any CPU
		{E91DD00B-9E54-4BE3-BEC6-A2B568A7DDCE}.Release|Any CPU.Build.0 = Release|Any CPU
		{D41322A2-7D71-479A-95EA-D3AB021CA73B}.Debug|Any CPU.ActiveCfg = Debug|Any CPU
		{D41322A2-7D71-479A-95EA-D3AB021CA73B}.Debug|Any CPU.Build.0 = Debug|Any CPU
		{D41322A2-7D71-479A-95EA-D3AB021CA73B}.Release|Any CPU.ActiveCfg = Release|Any CPU
		{D41322A2-7D71-479A-95EA-D3AB021CA73B}.Release|Any CPU.Build.0 = Release|Any CPU
		{1FAC0B6E-59AA-4A2B-8D38-5EAAE581D0D7}.Debug|Any CPU.ActiveCfg = Debug|Any CPU
		{1FAC0B6E-59AA-4A2B-8D38-5EAAE581D0D7}.Debug|Any CPU.Build.0 = Debug|Any CPU
		{1FAC0B6E-59AA-4A2B-8D38-5EAAE581D0D7}.Release|Any CPU.ActiveCfg = Release|Any CPU
		{1FAC0B6E-59AA-4A2B-8D38-5EAAE581D0D7}.Release|Any CPU.Build.0 = Release|Any CPU
		{104BD80F-9819-461D-A352-219DC84C015B}.Debug|Any CPU.ActiveCfg = Debug|Any CPU
		{104BD80F-9819-461D-A352-219DC84C015B}.Debug|Any CPU.Build.0 = Debug|Any CPU
		{104BD80F-9819-461D-A352-219DC84C015B}.Release|Any CPU.ActiveCfg = Release|Any CPU
		{104BD80F-9819-461D-A352-219DC84C015B}.Release|Any CPU.Build.0 = Release|Any CPU
		{6D34BBED-1D44-4439-AF6B-77817F7E75CB}.Debug|Any CPU.ActiveCfg = Debug|Any CPU
		{6D34BBED-1D44-4439-AF6B-77817F7E75CB}.Debug|Any CPU.Build.0 = Debug|Any CPU
		{6D34BBED-1D44-4439-AF6B-77817F7E75CB}.Release|Any CPU.ActiveCfg = Release|Any CPU
		{6D34BBED-1D44-4439-AF6B-77817F7E75CB}.Release|Any CPU.Build.0 = Release|Any CPU
	EndGlobalSection
	GlobalSection(SolutionProperties) = preSolution
		HideSolutionNode = FALSE
	EndGlobalSection
	GlobalSection(ExtensibilityGlobals) = postSolution
		SolutionGuid = {67DB0A1D-26B4-4BA3-B693-A33CDFEBD25E}
	EndGlobalSection
EndGlobal
